// !$*UTF8*$!
{
	archiveVersion = 1;
	classes = {
	};
	objectVersion = 50;
	objects = {

/* Begin PBXBuildFile section */
		13B07FBC1A68108700A75B9A /* AppDelegate.m in Sources */ = {isa = PBXBuildFile; fileRef = 13B07FB21A68108700A75B9A /* AppDelegate.m */; };
		13B07FCF1A68108700A75B9A /* main.m in Sources */ = {isa = PBXBuildFile; fileRef = 13B07FCE1A68108700A75B9A /* main.m */; };
		13B07FEA1A68108700A75B9A /* LaunchScreen.storyboard in Resources */ = {isa = PBXBuildFile; fileRef = 13B07FE81A68108700A75B9A /* LaunchScreen.storyboard */; };
/* End PBXBuildFile section */

/* Begin PBXFileReference section */
		008F07F21A6811890013244A /* libPods-ReactNativeMarkdown.a */ = {isa = PBXFileReference; explicitFileType = archive.ar; includeInIndex = 0; path = "libPods-ReactNativeMarkdown.a"; sourceTree = BUILT_PRODUCTS_DIR; };
		13B07FAE1A68108700A75B9A /* ReactNativeMarkdown.app */ = {isa = PBXFileReference; explicitFileType = wrapper.application; includeInIndex = 0; path = ReactNativeMarkdown.app; sourceTree = BUILT_PRODUCTS_DIR; };
		13B07FB11A68108700A75B9A /* AppDelegate.h */ = {isa = PBXFileReference; lastKnownFileType = sourcecode.c.h; path = AppDelegate.h; sourceTree = "<group>"; };
		13B07FB21A68108700A75B9A /* AppDelegate.m */ = {isa = PBXFileReference; lastKnownFileType = sourcecode.c.objc; path = AppDelegate.m; sourceTree = "<group>"; };
		13B07FCE1A68108700A75B9A /* main.m */ = {isa = PBXFileReference; lastKnownFileType = sourcecode.c.objc; path = main.m; sourceTree = "<group>"; };
		13B07FE81A68108700A75B9A /* LaunchScreen.storyboard */ = {isa = PBXFileReference; lastKnownFileType = file.storyboard; name = LaunchScreen; path = Base.lproj/LaunchScreen.storyboard; sourceTree = "<group>"; };
/* End PBXFileReference section */

/* Begin PBXFrameworksBuildPhase section */
		13B07F871A68108700A75B9A /* Frameworks */ = {
			isa = PBXFrameworksBuildPhase;
			buildActionMask = 2147483647;
			files = (
			);
			runOnlyForDeploymentPostprocessing = 0;
		};
/* End PBXFrameworksBuildPhase section */

/* Begin PBXGroup section */
		13B07FAF1A68108700A75B9A = {
			isa = PBXGroup;
			children = (
				13B07FB01A68108700A75B9A /* ReactNativeMarkdown */,
				008F07F31A6811890013244A /* Pods */,
			);
			sourceTree = "<group>";
		};
		13B07FB01A68108700A75B9A /* ReactNativeMarkdown */ = {
			isa = PBXGroup;
			children = (
				13B07FB11A68108700A75B9A /* AppDelegate.h */,
				13B07FB21A68108700A75B9A /* AppDelegate.m */,
				13B07FCE1A68108700A75B9A /* main.m */,
				13B07FE81A68108700A75B9A /* LaunchScreen.storyboard */,
			);
			path = ReactNativeMarkdown;
			sourceTree = "<group>";
		};
		008F07F31A6811890013244A /* Pods */ = {
			isa = PBXGroup;
			children = (
				008F07F21A6811890013244A /* libPods-ReactNativeMarkdown.a */,
			);
			name = Pods;
			sourceTree = "<group>";
		};
/* End PBXGroup section */

/* Begin PBXNativeTarget section */
		13B07F861A68108700A75B9A /* ReactNativeMarkdown */ = {
			isa = PBXNativeTarget;
			buildConfigurationList = 13B07F931A68108700A75B9A /* Build configuration list for PBXNativeTarget "ReactNativeMarkdown" */;
			buildPhases = (
				13B07F871A68108700A75B9A /* Frameworks */,
				13B07F881A68108700A75B9A /* Sources */,
				13B07F891A68108700A75B9A /* Resources */,
				13B07F8A1A68108700A75B9A /* Bundle React Native code and images */,
			);
			buildRules = (
			);
			dependencies = (
			);
			name = ReactNativeMarkdown;
			productName = ReactNativeMarkdown;
			productReference = 13B07FAE1A68108700A75B9A /* ReactNativeMarkdown.app */;
			productType = "com.apple.product-type.application";
		};
/* End PBXNativeTarget section */

/* Begin PBXProject section */
		13B07F851A68108700A75B9A /* Project object */ = {
			isa = PBXProject;
			attributes = {
				LastUpgradeCheck = 1240;
				ORGANIZATIONNAME = Facebook;
				TargetAttributes = {
					13B07F861A68108700A75B9A = {
						CreatedOnToolsVersion = 6.2;
					};
				};
			};
			buildConfigurationList = 13B07F921A68108700A75B9A /* Build configuration list for PBXProject "ReactNativeMarkdown" */;
			compatibilityVersion = "Xcode 3.2";
			developmentRegion = en;
			hasScannedForEncodings = 0;
			knownRegions = (
				en,
				Base,
			);
			mainGroup = 13B07FAF1A68108700A75B9A;
			productRefGroup = 13B07FAF1A68108700A75B9A;
			projectDirPath = "";
			projectRoot = "";
			targets = (
				13B07F861A68108700A75B9A /* ReactNativeMarkdown */,
			);
		};
/* End PBXProject section */

/* Begin PBXSourcesBuildPhase section */
		13B07F881A68108700A75B9A /* Sources */ = {
			isa = PBXSourcesBuildPhase;
			buildActionMask = 2147483647;
			files = (
				13B07FCF1A68108700A75B9A /* main.m in Sources */,
				13B07FBC1A68108700A75B9A /* AppDelegate.m in Sources */,
			);
			runOnlyForDeploymentPostprocessing = 0;
		};
/* End PBXSourcesBuildPhase section */

/* Begin PBXVariantGroup section */
		13B07FE71A68108700A75B9A /* LaunchScreen.storyboard */ = {
			isa = PBXVariantGroup;
			children = (
				13B07FE81A68108700A75B9A /* LaunchScreen.storyboard in Resources */,
			);
			name = LaunchScreen.storyboard;
			sourceTree = "<group>";
		};
/* End PBXVariantGroup section */

/* Begin XCBuildConfiguration section */
		13B07F941A68108700A75B9A /* Debug */ = {
			isa = XCBuildConfiguration;
			buildSettings = {
				ASSETCATALOG_COMPILER_APPICON_NAME = AppIcon;
				CLANG_ENABLE_MODULES = YES;
				CODE_SIGN_IDENTITY = "iPhone Developer";
				FRAMEWORK_SEARCH_PATHS = (
					"$(inherited)",
					"$(PODS_ROOT)/Headers/Public",
					"$(PODS_ROOT)/Headers/Public/Flipper-Folly",
				);
				GCC_PREPROCESSOR_DEFINITIONS = (
					"DEBUG=1",
					"$(inherited)",
				);
				INFOPLIST_FILE = ReactNativeMarkdown/Info.plist;
				IPHONEOS_DEPLOYMENT_TARGET = 12.4;
				LD_RUNPATH_SEARCH_PATHS = "$(inherited) @executable_path/Frameworks @loader_path/Frameworks";
				PRODUCT_BUNDLE_IDENTIFIER = org.reactjs.native.example.$(PRODUCT_NAME:rfc1034identifier);
				PRODUCT_NAME = "$(TARGET_NAME)";
				SWIFT_VERSION = 5.0;
			};
			name = Debug;
		};
		13B07F951A68108700A75B9A /* Release */ = {
			isa = XCBuildConfiguration;
			buildSettings = {
				ASSETCATALOG_COMPILER_APPICON_NAME = AppIcon;
				CLANG_ENABLE_MODULES = YES;
				CODE_SIGN_IDENTITY = "iPhone Developer";
				FRAMEWORK_SEARCH_PATHS = (
					"$(inherited)",
					"$(PODS_ROOT)/Headers/Public",
					"$(PODS_ROOT)/Headers/Public/Flipper-Folly",
				);
				GCC_PREPROCESSOR_DEFINITIONS = (
					"NDEBUG=1",
					"$(inherited)",
				);
				INFOPLIST_FILE = ReactNativeMarkdown/Info.plist;
				IPHONEOS_DEPLOYMENT_TARGET = 12.4;
				LD_RUNPATH_SEARCH_PATHS = "$(inherited) @executable_path/Frameworks @loader_path/Frameworks";
				PRODUCT_BUNDLE_IDENTIFIER = org.reactjs.native.example.$(PRODUCT_NAME:rfc1034identifier);
				PRODUCT_NAME = "$(TARGET_NAME)";
				SWIFT_VERSION = 5.0;
			};
			name = Release;
		};
/* End XCBuildConfiguration section */

/* Begin XCConfigurationList section */
		13B07F921A68108700A75B9A /* Build configuration list for PBXProject "ReactNativeMarkdown" */ = {
			isa = XCConfigurationList;
			buildConfigurations = (
				13B07F941A68108700A75B9A /* Debug */,
				13B07F951A68108700A75B9A /* Release */,
			);
			defaultConfigurationIsVisible = 0;
			defaultConfigurationName = Release;
		};
		13B07F931A68108700A75B9A /* Build configuration list for PBXNativeTarget "ReactNativeMarkdown" */ = {
			isa = XCConfigurationList;
			buildConfigurations = (
				13B07F941A68108700A75B9A /* Debug */,
				13B07F951A68108700A75B9A /* Release */,
			);
			defaultConfigurationIsVisible = 0;
			defaultConfigurationName = Release;
		};
/* End XCConfigurationList section */
	};
	rootObject = 13B07F851A68108700A75B9A /* Project object */;
}
